<?xml version="1.0" encoding="utf-8"?>
<Project ToolsVersion="4.0" xmlns="http://schemas.microsoft.com/developer/msbuild/2003">
  <ItemGroup>
    <ClCompile Include="Physics\CollisionInfo.cpp">
      <Filter>Physics</Filter>
    </ClCompile>
    <ClCompile Include="Physics\ConvexHull.cpp">
      <Filter>Physics</Filter>
    </ClCompile>
    <ClCompile Include="Physics\OctreeNode.cpp">
      <Filter>Physics</Filter>
    </ClCompile>
    <ClCompile Include="Physics\PhysicsEngine.cpp">
      <Filter>Physics</Filter>
    </ClCompile>
    <ClCompile Include="Physics\RigidBody.cpp">
      <Filter>Physics</Filter>
    </ClCompile>
    <ClCompile Include="Physics\RigidSurface.cpp">
      <Filter>Physics</Filter>
    </ClCompile>
    <ClCompile Include="Math\Vector3D.cpp">
      <Filter>Math</Filter>
    </ClCompile>
    <ClCompile Include="OLCEngine\Polygon3D.cpp">
      <Filter>OLCEngine</Filter>
    </ClCompile>
    <ClCompile Include="Math\Rotor.cpp">
      <Filter>Math</Filter>
    </ClCompile>
    <ClCompile Include="Math\Matrix33.cpp">
      <Filter>Math</Filter>
    </ClCompile>
    <ClCompile Include="Game\PhysicsObject.cpp">
      <Filter>Game</Filter>
    </ClCompile>
    <ClCompile Include="Game\PolyModel.cpp">
      <Filter>Game</Filter>
    </ClCompile>
    <ClCompile Include="Game\SpaceMinerGame.cpp">
      <Filter>Game</Filter>
    </ClCompile>
  </ItemGroup>
  <ItemGroup>
    <ClInclude Include="Math\transformation3D.h">
      <Filter>Math</Filter>
    </ClInclude>
    <ClInclude Include="Physics\CollisionInfo.h">
      <Filter>Physics</Filter>
    </ClInclude>
    <ClInclude Include="Physics\ConvexHull.h">
      <Filter>Physics</Filter>
    </ClInclude>
    <ClInclude Include="Physics\OctreeNode.h">
      <Filter>Physics</Filter>
    </ClInclude>
    <ClInclude Include="Physics\PhysicsEngine.h">
      <Filter>Physics</Filter>
    </ClInclude>
    <ClInclude Include="Physics\RigidBody.h">
      <Filter>Physics</Filter>
    </ClInclude>
    <ClInclude Include="Physics\RigidSurface.h">
      <Filter>Physics</Filter>
    </ClInclude>
    <ClInclude Include="Math\Vector3D.h">
      <Filter>Math</Filter>
    </ClInclude>
    <ClInclude Include="OLCEngine\olcPixelGameEngine.h">
      <Filter>OLCEngine</Filter>
    </ClInclude>
    <ClInclude Include="OLCEngine\Polygon3D.h">
      <Filter>OLCEngine</Filter>
    </ClInclude>
    <ClInclude Include="Math\Rotor.h">
      <Filter>Math</Filter>
    </ClInclude>
    <ClInclude Include="OLCEngine\PixelEngine3D.h">
      <Filter>OLCEngine</Filter>
    </ClInclude>
    <ClInclude Include="Math\Matrix33.h">
      <Filter>Math</Filter>
    </ClInclude>
    <ClInclude Include="Game\Drawable.h">
      <Filter>Game</Filter>
    </ClInclude>
    <ClInclude Include="Game\PhysicsObject.h">
      <Filter>Game</Filter>
    </ClInclude>
    <ClInclude Include="Game\PolyModel.h">
      <Filter>Game</Filter>
    </ClInclude>
    <ClInclude Include="Game\SpaceMinerGame.h">
      <Filter>Game</Filter>
    </ClInclude>
  </ItemGroup>
  <ItemGroup>
    <Filter Include="Math">
      <UniqueIdentifier>{133a16ef-bdb3-4127-a4d7-beca38297999}</UniqueIdentifier>
    </Filter>
    <Filter Include="Physics">
      <UniqueIdentifier>{077b9433-22a9-467a-b34c-e916e14e87e6}</UniqueIdentifier>
    </Filter>
    <Filter Include="OLCEngine">
      <UniqueIdentifier>{2668af1e-2043-43ae-b3c8-df7bba139190}</UniqueIdentifier>
    </Filter>
    <Filter Include="Game">
      <UniqueIdentifier>{abd3c790-6fbe-42d9-a0eb-cde803e5956e}</UniqueIdentifier>
    </Filter>
  </ItemGroup>
</Project>